{
  "version": 4,
  "terraform_version": "1.5.7",
  "serial": 10,
  "lineage": "ecc82a8d-2ca0-66f4-f845-d5e8c058e7e7",
  "outputs": {},
  "resources": [
    {
      "mode": "data",
      "type": "http",
      "name": "container",
      "provider": "provider[\"registry.terraform.io/hashicorp/http\"]",
      "instances": [
        {
          "schema_version": 0,
          "attributes": {
            "body": "\u003chtml\u003e\u003cbody\u003e\u003ch1\u003eIt works!\u003c/h1\u003e\u003c/body\u003e\u003c/html\u003e\n",
            "ca_cert_pem": null,
            "id": "http://localhost:8080/",
            "insecure": null,
            "method": "GET",
            "request_body": null,
            "request_headers": null,
            "request_timeout_ms": null,
            "response_body": "\u003chtml\u003e\u003cbody\u003e\u003ch1\u003eIt works!\u003c/h1\u003e\u003c/body\u003e\u003c/html\u003e\n",
            "response_body_base64": "PGh0bWw+PGJvZHk+PGgxPkl0IHdvcmtzITwvaDE+PC9ib2R5PjwvaHRtbD4K",
            "response_headers": {
              "Accept-Ranges": "bytes",
              "Content-Length": "45",
              "Content-Type": "text/html",
              "Date": "Tue, 19 Sep 2023 04:09:33 GMT",
              "Etag": "\"2d-432a5e4a73a80\"",
              "Last-Modified": "Mon, 11 Jun 2007 18:53:14 GMT",
              "Server": "Apache/2.4.57 (Unix)"
            },
            "retry": null,
            "status_code": 200,
            "url": "http://localhost:8080/"
          },
          "sensitive_attributes": []
        }
      ]
    },
    {
      "mode": "managed",
      "type": "docker_container",
      "name": "nginx",
      "provider": "provider[\"registry.terraform.io/kreuzwerker/docker\"]",
      "instances": [
        {
          "schema_version": 2,
          "attributes": {
            "attach": false,
            "bridge": "",
            "capabilities": [],
            "cgroupns_mode": null,
            "command": [
              "httpd-foreground"
            ],
            "container_logs": null,
            "container_read_refresh_timeout_milliseconds": 15000,
            "cpu_set": "",
            "cpu_shares": 0,
            "destroy_grace_seconds": null,
            "devices": [],
            "dns": null,
            "dns_opts": null,
            "dns_search": null,
            "domainname": "",
            "entrypoint": [],
            "env": [],
            "exit_code": null,
            "gpus": null,
            "group_add": null,
            "healthcheck": null,
            "host": [],
            "hostname": "93e86a2a6a92",
            "id": "93e86a2a6a9277f7c5ce9c955304f914ed3eac04c15a18dca4758b028e496567",
            "image": "sha256:747d075b9311463cd94e67f0829a56ff28b089b793976c6c3d86f6c0bb54abda",
            "init": false,
            "ipc_mode": "private",
            "labels": [],
            "log_driver": "json-file",
            "log_opts": null,
            "logs": false,
            "max_retry_count": 0,
            "memory": 0,
            "memory_swap": 0,
            "mounts": [],
            "must_run": true,
            "name": "nginx-con",
            "network_data": [
              {
                "gateway": "172.17.0.1",
                "global_ipv6_address": "",
                "global_ipv6_prefix_length": 0,
                "ip_address": "172.17.0.2",
                "ip_prefix_length": 16,
                "ipv6_gateway": "",
                "mac_address": "02:42:ac:11:00:02",
                "network_name": "bridge"
              }
            ],
            "network_mode": "default",
            "networks_advanced": [],
            "pid_mode": "",
            "ports": [
              {
                "external": 8080,
                "internal": 80,
                "ip": "0.0.0.0",
                "protocol": "tcp"
              }
            ],
            "privileged": false,
            "publish_all_ports": false,
            "read_only": false,
            "remove_volumes": true,
            "restart": "no",
            "rm": false,
            "runtime": "runc",
            "security_opts": [],
            "shm_size": 64,
            "start": true,
            "stdin_open": false,
            "stop_signal": "SIGWINCH",
            "stop_timeout": 0,
            "storage_opts": null,
            "sysctls": null,
            "tmpfs": null,
            "tty": false,
            "ulimit": [],
            "upload": [],
            "user": "",
            "userns_mode": "",
            "volumes": [],
            "wait": false,
            "wait_timeout": 60,
            "working_dir": "/usr/local/apache2"
          },
          "sensitive_attributes": [],
          "private": "eyJzY2hlbWFfdmVyc2lvbiI6IjIifQ==",
          "dependencies": [
            "docker_image.nginx_alpine"
          ]
        }
      ]
    },
    {
      "mode": "managed",
      "type": "docker_image",
      "name": "nginx_alpine",
      "provider": "provider[\"registry.terraform.io/kreuzwerker/docker\"]",
      "instances": [
        {
          "schema_version": 0,
          "attributes": {
            "build": [],
            "force_remove": null,
            "id": "sha256:747d075b9311463cd94e67f0829a56ff28b089b793976c6c3d86f6c0bb54abdahttpd:alpine",
            "image_id": "sha256:747d075b9311463cd94e67f0829a56ff28b089b793976c6c3d86f6c0bb54abda",
            "keep_locally": true,
            "name": "httpd:alpine",
            "platform": null,
            "pull_triggers": null,
            "repo_digest": "httpd@sha256:73ec2cd346c901b0632280a0e6c550b238dbc69ebd76a43566caeecb6b73a2b8",
            "triggers": null
          },
          "sensitive_attributes": [],
          "private": "bnVsbA=="
        }
      ]
    }
  ],
  "check_results": [
    {
      "object_kind": "check",
      "config_addr": "check.health_check",
      "status": "fail",
      "objects": [
        {
          "object_addr": "check.health_check",
          "status": "fail",
          "failure_messages": [
            "webserver should nginx"
          ]
        }
      ]
    }
  ]
}
